<Solution>
  <Configurations>
    <Platform Name="x64" />
    <Platform Name="x86" />
  </Configurations>
  <Project Path="DX12_Original_Library.vcxproj" Id="52cb1240-45e6-4b46-88fa-14088c51322a" />
  <Project Path="Src/External/DirectXTex/DirectXTex_Desktop_2022_Win10.vcxproj" Id="371b9fa9-4c90-4ac6-a123-aced756d6c77" />
</Solution>
